// !$*UTF8*$!
{
	archiveVersion = 1;
	classes = {
	};
	objectVersion = 50;
	objects = {

/* Begin PBXBuildFile section */
		0DFEF970226652AC002831A0 /* DND.swift in Sources */ = {isa = PBXBuildFile; fileRef = 0DFEF96F226652AC002831A0 /* DND.swift */; };
		0DFEFA33226654F8002831A0 /* 5e-SRD-Features.json in Resources */ = {isa = PBXBuildFile; fileRef = 0DFEFA11226654F8002831A0 /* 5e-SRD-Features.json */; };
		0DFEFA34226654F8002831A0 /* spellchecking.txt in Resources */ = {isa = PBXBuildFile; fileRef = 0DFEFA12226654F8002831A0 /* spellchecking.txt */; };
		0DFEFA36226654F8002831A0 /* 5e-SRD-Spells.json in Resources */ = {isa = PBXBuildFile; fileRef = 0DFEFA14226654F8002831A0 /* 5e-SRD-Spells.json */; };
		0DFEFA37226654F8002831A0 /* 5e-SRD-Levels.json in Resources */ = {isa = PBXBuildFile; fileRef = 0DFEFA15226654F8002831A0 /* 5e-SRD-Levels.json */; };
		0DFEFA38226654F8002831A0 /* 5e-SRD-Skills.json in Resources */ = {isa = PBXBuildFile; fileRef = 0DFEFA16226654F8002831A0 /* 5e-SRD-Skills.json */; };
		0DFEFA39226654F8002831A0 /* 5e-SRD-Monsters.json in Resources */ = {isa = PBXBuildFile; fileRef = 0DFEFA17226654F8002831A0 /* 5e-SRD-Monsters.json */; };
		0DFEFA3A226654F8002831A0 /* 5e-SRD-Subclasses.json in Resources */ = {isa = PBXBuildFile; fileRef = 0DFEFA18226654F8002831A0 /* 5e-SRD-Subclasses.json */; };
		0DFEFA3C226654F8002831A0 /* 5e-SRD-Spellcasting.json in Resources */ = {isa = PBXBuildFile; fileRef = 0DFEFA1A226654F8002831A0 /* 5e-SRD-Spellcasting.json */; };
		0DFEFA3D226654F8002831A0 /* 5e-SRD-Races.json in Resources */ = {isa = PBXBuildFile; fileRef = 0DFEFA1B226654F8002831A0 /* 5e-SRD-Races.json */; };
		0DFEFA3E226654F8002831A0 /* 5e-SRD-Languages.json in Resources */ = {isa = PBXBuildFile; fileRef = 0DFEFA1C226654F8002831A0 /* 5e-SRD-Languages.json */; };
		0DFEFA3F226654F8002831A0 /* 5e-SRD-Magic-Schools.json in Resources */ = {isa = PBXBuildFile; fileRef = 0DFEFA1D226654F8002831A0 /* 5e-SRD-Magic-Schools.json */; };
		0DFEFA40226654F8002831A0 /* 5e-SRD-Equipment.json in Resources */ = {isa = PBXBuildFile; fileRef = 0DFEFA1E226654F8002831A0 /* 5e-SRD-Equipment.json */; };
		0DFEFA41226654F8002831A0 /* 5e-SRD-Equipment-Categories.json in Resources */ = {isa = PBXBuildFile; fileRef = 0DFEFA1F226654F8002831A0 /* 5e-SRD-Equipment-Categories.json */; };
		0DFEFA43226654F8002831A0 /* README.md in Resources */ = {isa = PBXBuildFile; fileRef = 0DFEFA21226654F8002831A0 /* README.md */; };
		0DFEFA44226654F8002831A0 /* 5e-SRD-Traits.json in Resources */ = {isa = PBXBuildFile; fileRef = 0DFEFA22226654F8002831A0 /* 5e-SRD-Traits.json */; };
		0DFEFA46226654F8002831A0 /* 5e-SRD-StartingEquipment.json in Resources */ = {isa = PBXBuildFile; fileRef = 0DFEFA24226654F8002831A0 /* 5e-SRD-StartingEquipment.json */; };
		0DFEFA48226654F8002831A0 /* 5e-SRD-Test.json in Resources */ = {isa = PBXBuildFile; fileRef = 0DFEFA26226654F8002831A0 /* 5e-SRD-Test.json */; };
		0DFEFA49226654F8002831A0 /* 5e-SRD-Damage-Types.json in Resources */ = {isa = PBXBuildFile; fileRef = 0DFEFA27226654F8002831A0 /* 5e-SRD-Damage-Types.json */; };
		0DFEFA4B226654F8002831A0 /* 5e-SRD-Ability-Scores.json in Resources */ = {isa = PBXBuildFile; fileRef = 0DFEFA29226654F8002831A0 /* 5e-SRD-Ability-Scores.json */; };
		0DFEFA4C226654F8002831A0 /* 5e-SRD-Proficiencies.json in Resources */ = {isa = PBXBuildFile; fileRef = 0DFEFA2A226654F8002831A0 /* 5e-SRD-Proficiencies.json */; };
		0DFEFA4D226654F8002831A0 /* 5e-SRD-Classes.json in Resources */ = {isa = PBXBuildFile; fileRef = 0DFEFA2B226654F8002831A0 /* 5e-SRD-Classes.json */; };
		0DFEFA50226654F8002831A0 /* 5e-SRD-Subraces.json in Resources */ = {isa = PBXBuildFile; fileRef = 0DFEFA2E226654F8002831A0 /* 5e-SRD-Subraces.json */; };
		0DFEFA51226654F8002831A0 /* 5e-SRD-Weapon-Properties.json in Resources */ = {isa = PBXBuildFile; fileRef = 0DFEFA2F226654F8002831A0 /* 5e-SRD-Weapon-Properties.json */; };
		0DFEFA53226654F8002831A0 /* mit.md in Resources */ = {isa = PBXBuildFile; fileRef = 0DFEFA31226654F8002831A0 /* mit.md */; };
		0DFEFA54226654F8002831A0 /* 5e-SRD-Conditions.json in Resources */ = {isa = PBXBuildFile; fileRef = 0DFEFA32226654F8002831A0 /* 5e-SRD-Conditions.json */; };
		5EEA5E99225F789E0085C218 /* AppDelegate.swift in Sources */ = {isa = PBXBuildFile; fileRef = 5EEA5E98225F789E0085C218 /* AppDelegate.swift */; };
		5EEA5E9B225F789E0085C218 /* ViewController.swift in Sources */ = {isa = PBXBuildFile; fileRef = 5EEA5E9A225F789E0085C218 /* ViewController.swift */; };
		5EEA5E9E225F789E0085C218 /* Main.storyboard in Resources */ = {isa = PBXBuildFile; fileRef = 5EEA5E9C225F789E0085C218 /* Main.storyboard */; };
		5EEA5EA1225F789E0085C218 /* RPG.xcdatamodeld in Sources */ = {isa = PBXBuildFile; fileRef = 5EEA5E9F225F789E0085C218 /* RPG.xcdatamodeld */; };
		5EEA5EA3225F789F0085C218 /* Assets.xcassets in Resources */ = {isa = PBXBuildFile; fileRef = 5EEA5EA2225F789F0085C218 /* Assets.xcassets */; };
		5EEA5EA6225F789F0085C218 /* LaunchScreen.storyboard in Resources */ = {isa = PBXBuildFile; fileRef = 5EEA5EA4225F789F0085C218 /* LaunchScreen.storyboard */; };
/* End PBXBuildFile section */

/* Begin PBXFileReference section */
		0DFEF96F226652AC002831A0 /* DND.swift */ = {isa = PBXFileReference; lastKnownFileType = sourcecode.swift; path = DND.swift; sourceTree = "<group>"; };
		0DFEFA11226654F8002831A0 /* 5e-SRD-Features.json */ = {isa = PBXFileReference; fileEncoding = 4; lastKnownFileType = text.json; path = "5e-SRD-Features.json"; sourceTree = "<group>"; };
		0DFEFA12226654F8002831A0 /* spellchecking.txt */ = {isa = PBXFileReference; fileEncoding = 4; lastKnownFileType = text; path = spellchecking.txt; sourceTree = "<group>"; };
		0DFEFA14226654F8002831A0 /* 5e-SRD-Spells.json */ = {isa = PBXFileReference; fileEncoding = 4; lastKnownFileType = text.json; path = "5e-SRD-Spells.json"; sourceTree = "<group>"; };
		0DFEFA15226654F8002831A0 /* 5e-SRD-Levels.json */ = {isa = PBXFileReference; fileEncoding = 4; lastKnownFileType = text.json; path = "5e-SRD-Levels.json"; sourceTree = "<group>"; };
		0DFEFA16226654F8002831A0 /* 5e-SRD-Skills.json */ = {isa = PBXFileReference; fileEncoding = 4; lastKnownFileType = text.json; path = "5e-SRD-Skills.json"; sourceTree = "<group>"; };
		0DFEFA17226654F8002831A0 /* 5e-SRD-Monsters.json */ = {isa = PBXFileReference; fileEncoding = 4; lastKnownFileType = text.json; path = "5e-SRD-Monsters.json"; sourceTree = "<group>"; };
		0DFEFA18226654F8002831A0 /* 5e-SRD-Subclasses.json */ = {isa = PBXFileReference; fileEncoding = 4; lastKnownFileType = text.json; path = "5e-SRD-Subclasses.json"; sourceTree = "<group>"; };
		0DFEFA1A226654F8002831A0 /* 5e-SRD-Spellcasting.json */ = {isa = PBXFileReference; fileEncoding = 4; lastKnownFileType = text.json; path = "5e-SRD-Spellcasting.json"; sourceTree = "<group>"; };
		0DFEFA1B226654F8002831A0 /* 5e-SRD-Races.json */ = {isa = PBXFileReference; fileEncoding = 4; lastKnownFileType = text.json; path = "5e-SRD-Races.json"; sourceTree = "<group>"; };
		0DFEFA1C226654F8002831A0 /* 5e-SRD-Languages.json */ = {isa = PBXFileReference; fileEncoding = 4; lastKnownFileType = text.json; path = "5e-SRD-Languages.json"; sourceTree = "<group>"; };
		0DFEFA1D226654F8002831A0 /* 5e-SRD-Magic-Schools.json */ = {isa = PBXFileReference; fileEncoding = 4; lastKnownFileType = text.json; path = "5e-SRD-Magic-Schools.json"; sourceTree = "<group>"; };
		0DFEFA1E226654F8002831A0 /* 5e-SRD-Equipment.json */ = {isa = PBXFileReference; fileEncoding = 4; lastKnownFileType = text.json; path = "5e-SRD-Equipment.json"; sourceTree = "<group>"; };
		0DFEFA1F226654F8002831A0 /* 5e-SRD-Equipment-Categories.json */ = {isa = PBXFileReference; fileEncoding = 4; lastKnownFileType = text.json; path = "5e-SRD-Equipment-Categories.json"; sourceTree = "<group>"; };
		0DFEFA21226654F8002831A0 /* README.md */ = {isa = PBXFileReference; fileEncoding = 4; lastKnownFileType = net.daringfireball.markdown; path = README.md; sourceTree = "<group>"; };
		0DFEFA22226654F8002831A0 /* 5e-SRD-Traits.json */ = {isa = PBXFileReference; fileEncoding = 4; lastKnownFileType = text.json; path = "5e-SRD-Traits.json"; sourceTree = "<group>"; };
		0DFEFA24226654F8002831A0 /* 5e-SRD-StartingEquipment.json */ = {isa = PBXFileReference; fileEncoding = 4; lastKnownFileType = text.json; path = "5e-SRD-StartingEquipment.json"; sourceTree = "<group>"; };
		0DFEFA26226654F8002831A0 /* 5e-SRD-Test.json */ = {isa = PBXFileReference; fileEncoding = 4; lastKnownFileType = text.json; path = "5e-SRD-Test.json"; sourceTree = "<group>"; };
		0DFEFA27226654F8002831A0 /* 5e-SRD-Damage-Types.json */ = {isa = PBXFileReference; fileEncoding = 4; lastKnownFileType = text.json; path = "5e-SRD-Damage-Types.json"; sourceTree = "<group>"; };
		0DFEFA29226654F8002831A0 /* 5e-SRD-Ability-Scores.json */ = {isa = PBXFileReference; fileEncoding = 4; lastKnownFileType = text.json; path = "5e-SRD-Ability-Scores.json"; sourceTree = "<group>"; };
		0DFEFA2A226654F8002831A0 /* 5e-SRD-Proficiencies.json */ = {isa = PBXFileReference; fileEncoding = 4; lastKnownFileType = text.json; path = "5e-SRD-Proficiencies.json"; sourceTree = "<group>"; };
		0DFEFA2B226654F8002831A0 /* 5e-SRD-Classes.json */ = {isa = PBXFileReference; fileEncoding = 4; lastKnownFileType = text.json; path = "5e-SRD-Classes.json"; sourceTree = "<group>"; };
		0DFEFA2E226654F8002831A0 /* 5e-SRD-Subraces.json */ = {isa = PBXFileReference; fileEncoding = 4; lastKnownFileType = text.json; path = "5e-SRD-Subraces.json"; sourceTree = "<group>"; };
		0DFEFA2F226654F8002831A0 /* 5e-SRD-Weapon-Properties.json */ = {isa = PBXFileReference; fileEncoding = 4; lastKnownFileType = text.json; path = "5e-SRD-Weapon-Properties.json"; sourceTree = "<group>"; };
		0DFEFA31226654F8002831A0 /* mit.md */ = {isa = PBXFileReference; fileEncoding = 4; lastKnownFileType = net.daringfireball.markdown; path = mit.md; sourceTree = "<group>"; };
		0DFEFA32226654F8002831A0 /* 5e-SRD-Conditions.json */ = {isa = PBXFileReference; fileEncoding = 4; lastKnownFileType = text.json; path = "5e-SRD-Conditions.json"; sourceTree = "<group>"; };
		5EEA5E95225F789E0085C218 /* RPG.app */ = {isa = PBXFileReference; explicitFileType = wrapper.application; includeInIndex = 0; path = RPG.app; sourceTree = BUILT_PRODUCTS_DIR; };
		5EEA5E98225F789E0085C218 /* AppDelegate.swift */ = {isa = PBXFileReference; lastKnownFileType = sourcecode.swift; path = AppDelegate.swift; sourceTree = "<group>"; };
		5EEA5E9A225F789E0085C218 /* ViewController.swift */ = {isa = PBXFileReference; lastKnownFileType = sourcecode.swift; path = ViewController.swift; sourceTree = "<group>"; };
		5EEA5E9D225F789E0085C218 /* Base */ = {isa = PBXFileReference; lastKnownFileType = file.storyboard; name = Base; path = Base.lproj/Main.storyboard; sourceTree = "<group>"; };
		5EEA5EA0225F789E0085C218 /* RPG.xcdatamodel */ = {isa = PBXFileReference; lastKnownFileType = wrapper.xcdatamodel; path = RPG.xcdatamodel; sourceTree = "<group>"; };
		5EEA5EA2225F789F0085C218 /* Assets.xcassets */ = {isa = PBXFileReference; lastKnownFileType = folder.assetcatalog; path = Assets.xcassets; sourceTree = "<group>"; };
		5EEA5EA5225F789F0085C218 /* Base */ = {isa = PBXFileReference; lastKnownFileType = file.storyboard; name = Base; path = Base.lproj/LaunchScreen.storyboard; sourceTree = "<group>"; };
		5EEA5EA7225F789F0085C218 /* Info.plist */ = {isa = PBXFileReference; lastKnownFileType = text.plist.xml; path = Info.plist; sourceTree = "<group>"; };
/* End PBXFileReference section */

/* Begin PBXFrameworksBuildPhase section */
		5EEA5E92225F789E0085C218 /* Frameworks */ = {
			isa = PBXFrameworksBuildPhase;
			buildActionMask = 2147483647;
			files = (
			);
			runOnlyForDeploymentPostprocessing = 0;
		};
/* End PBXFrameworksBuildPhase section */

/* Begin PBXGroup section */
		0DFEF94F22660DCB002831A0 /* View */ = {
			isa = PBXGroup;
			children = (
				5EEA5EA4225F789F0085C218 /* LaunchScreen.storyboard */,
				5EEA5E9C225F789E0085C218 /* Main.storyboard */,
				5EEA5EA2225F789F0085C218 /* Assets.xcassets */,
			);
			path = View;
			sourceTree = "<group>";
		};
		0DFEF95022660DD5002831A0 /* Controller */ = {
			isa = PBXGroup;
			children = (
				5EEA5E9A225F789E0085C218 /* ViewController.swift */,
			);
			path = Controller;
			sourceTree = "<group>";
		};
		0DFEF95122660DDC002831A0 /* Model */ = {
			isa = PBXGroup;
			children = (
				0DFEFA10226654F8002831A0 /* 5e-database-master */,
				5EEA5E9F225F789E0085C218 /* RPG.xcdatamodeld */,
				0DFEF96F226652AC002831A0 /* DND.swift */,
			);
			path = Model;
			sourceTree = "<group>";
		};
		0DFEFA10226654F8002831A0 /* 5e-database-master */ = {
			isa = PBXGroup;
			children = (
				0DFEFA12226654F8002831A0 /* spellchecking.txt */,
				0DFEFA29226654F8002831A0 /* 5e-SRD-Ability-Scores.json */,
				0DFEFA2B226654F8002831A0 /* 5e-SRD-Classes.json */,
				0DFEFA32226654F8002831A0 /* 5e-SRD-Conditions.json */,
				0DFEFA27226654F8002831A0 /* 5e-SRD-Damage-Types.json */,
				0DFEFA1F226654F8002831A0 /* 5e-SRD-Equipment-Categories.json */,
				0DFEFA1E226654F8002831A0 /* 5e-SRD-Equipment.json */,
				0DFEFA11226654F8002831A0 /* 5e-SRD-Features.json */,
				0DFEFA1C226654F8002831A0 /* 5e-SRD-Languages.json */,
				0DFEFA15226654F8002831A0 /* 5e-SRD-Levels.json */,
				0DFEFA1D226654F8002831A0 /* 5e-SRD-Magic-Schools.json */,
				0DFEFA17226654F8002831A0 /* 5e-SRD-Monsters.json */,
				0DFEFA2A226654F8002831A0 /* 5e-SRD-Proficiencies.json */,
				0DFEFA1B226654F8002831A0 /* 5e-SRD-Races.json */,
				0DFEFA16226654F8002831A0 /* 5e-SRD-Skills.json */,
				0DFEFA1A226654F8002831A0 /* 5e-SRD-Spellcasting.json */,
				0DFEFA14226654F8002831A0 /* 5e-SRD-Spells.json */,
				0DFEFA24226654F8002831A0 /* 5e-SRD-StartingEquipment.json */,
				0DFEFA18226654F8002831A0 /* 5e-SRD-Subclasses.json */,
				0DFEFA2E226654F8002831A0 /* 5e-SRD-Subraces.json */,
				0DFEFA26226654F8002831A0 /* 5e-SRD-Test.json */,
				0DFEFA22226654F8002831A0 /* 5e-SRD-Traits.json */,
				0DFEFA2F226654F8002831A0 /* 5e-SRD-Weapon-Properties.json */,
				0DFEFA31226654F8002831A0 /* mit.md */,
				0DFEFA21226654F8002831A0 /* README.md */,
			);
			path = "5e-database-master";
			sourceTree = "<group>";
		};
		5EEA5E8C225F789E0085C218 = {
			isa = PBXGroup;
			children = (
				5EEA5E97225F789E0085C218 /* RPG */,
				5EEA5E96225F789E0085C218 /* Products */,
			);
			sourceTree = "<group>";
		};
		5EEA5E96225F789E0085C218 /* Products */ = {
			isa = PBXGroup;
			children = (
				5EEA5E95225F789E0085C218 /* RPG.app */,
			);
			name = Products;
			sourceTree = "<group>";
		};
		5EEA5E97225F789E0085C218 /* RPG */ = {
			isa = PBXGroup;
			children = (
				5EEA5EA7225F789F0085C218 /* Info.plist */,
				5EEA5E98225F789E0085C218 /* AppDelegate.swift */,
				0DFEF95122660DDC002831A0 /* Model */,
				0DFEF95022660DD5002831A0 /* Controller */,
				0DFEF94F22660DCB002831A0 /* View */,
			);
			path = RPG;
			sourceTree = "<group>";
		};
/* End PBXGroup section */

/* Begin PBXNativeTarget section */
		5EEA5E94225F789E0085C218 /* RPG */ = {
			isa = PBXNativeTarget;
			buildConfigurationList = 5EEA5EAA225F789F0085C218 /* Build configuration list for PBXNativeTarget "RPG" */;
			buildPhases = (
				5EEA5E91225F789E0085C218 /* Sources */,
				5EEA5E92225F789E0085C218 /* Frameworks */,
				5EEA5E93225F789E0085C218 /* Resources */,
			);
			buildRules = (
			);
			dependencies = (
			);
			name = RPG;
			productName = RPG;
			productReference = 5EEA5E95225F789E0085C218 /* RPG.app */;
			productType = "com.apple.product-type.application";
		};
/* End PBXNativeTarget section */

/* Begin PBXProject section */
		5EEA5E8D225F789E0085C218 /* Project object */ = {
			isa = PBXProject;
			attributes = {
				LastSwiftUpdateCheck = 1020;
				LastUpgradeCheck = 1020;
				ORGANIZATIONNAME = "Lucídio Andrade Barbosa de Souza";
				TargetAttributes = {
					5EEA5E94225F789E0085C218 = {
						CreatedOnToolsVersion = 10.2;
					};
				};
			};
			buildConfigurationList = 5EEA5E90225F789E0085C218 /* Build configuration list for PBXProject "RPG" */;
			compatibilityVersion = "Xcode 9.3";
			developmentRegion = en;
			hasScannedForEncodings = 0;
			knownRegions = (
				en,
				Base,
			);
			mainGroup = 5EEA5E8C225F789E0085C218;
			productRefGroup = 5EEA5E96225F789E0085C218 /* Products */;
			projectDirPath = "";
			projectRoot = "";
			targets = (
				5EEA5E94225F789E0085C218 /* RPG */,
			);
		};
/* End PBXProject section */

/* Begin PBXResourcesBuildPhase section */
		5EEA5E93225F789E0085C218 /* Resources */ = {
			isa = PBXResourcesBuildPhase;
			buildActionMask = 2147483647;
			files = (
				0DFEFA36226654F8002831A0 /* 5e-SRD-Spells.json in Resources */,
				0DFEFA49226654F8002831A0 /* 5e-SRD-Damage-Types.json in Resources */,
				0DFEFA43226654F8002831A0 /* README.md in Resources */,
				0DFEFA50226654F8002831A0 /* 5e-SRD-Subraces.json in Resources */,
				0DFEFA33226654F8002831A0 /* 5e-SRD-Features.json in Resources */,
				0DFEFA3C226654F8002831A0 /* 5e-SRD-Spellcasting.json in Resources */,
				0DFEFA48226654F8002831A0 /* 5e-SRD-Test.json in Resources */,
				0DFEFA37226654F8002831A0 /* 5e-SRD-Levels.json in Resources */,
				5EEA5EA6225F789F0085C218 /* LaunchScreen.storyboard in Resources */,
				0DFEFA3F226654F8002831A0 /* 5e-SRD-Magic-Schools.json in Resources */,
				0DFEFA41226654F8002831A0 /* 5e-SRD-Equipment-Categories.json in Resources */,
				0DFEFA51226654F8002831A0 /* 5e-SRD-Weapon-Properties.json in Resources */,
				0DFEFA46226654F8002831A0 /* 5e-SRD-StartingEquipment.json in Resources */,
				5EEA5EA3225F789F0085C218 /* Assets.xcassets in Resources */,
				0DFEFA44226654F8002831A0 /* 5e-SRD-Traits.json in Resources */,
				0DFEFA39226654F8002831A0 /* 5e-SRD-Monsters.json in Resources */,
				5EEA5E9E225F789E0085C218 /* Main.storyboard in Resources */,
				0DFEFA34226654F8002831A0 /* spellchecking.txt in Resources */,
				0DFEFA4D226654F8002831A0 /* 5e-SRD-Classes.json in Resources */,
				0DFEFA40226654F8002831A0 /* 5e-SRD-Equipment.json in Resources */,
				0DFEFA4B226654F8002831A0 /* 5e-SRD-Ability-Scores.json in Resources */,
				0DFEFA4C226654F8002831A0 /* 5e-SRD-Proficiencies.json in Resources */,
				0DFEFA38226654F8002831A0 /* 5e-SRD-Skills.json in Resources */,
				0DFEFA3D226654F8002831A0 /* 5e-SRD-Races.json in Resources */,
				0DFEFA54226654F8002831A0 /* 5e-SRD-Conditions.json in Resources */,
				0DFEFA3A226654F8002831A0 /* 5e-SRD-Subclasses.json in Resources */,
				0DFEFA3E226654F8002831A0 /* 5e-SRD-Languages.json in Resources */,
				0DFEFA53226654F8002831A0 /* mit.md in Resources */,
			);
			runOnlyForDeploymentPostprocessing = 0;
		};
/* End PBXResourcesBuildPhase section */

/* Begin PBXSourcesBuildPhase section */
		5EEA5E91225F789E0085C218 /* Sources */ = {
			isa = PBXSourcesBuildPhase;
			buildActionMask = 2147483647;
			files = (
				5EEA5EA1225F789E0085C218 /* RPG.xcdatamodeld in Sources */,
				5EEA5E9B225F789E0085C218 /* ViewController.swift in Sources */,
				0DFEF970226652AC002831A0 /* DND.swift in Sources */,
				5EEA5E99225F789E0085C218 /* AppDelegate.swift in Sources */,
			);
			runOnlyForDeploymentPostprocessing = 0;
		};
/* End PBXSourcesBuildPhase section */

/* Begin PBXVariantGroup section */
		5EEA5E9C225F789E0085C218 /* Main.storyboard */ = {
			isa = PBXVariantGroup;
			children = (
				5EEA5E9D225F789E0085C218 /* Base */,
			);
			name = Main.storyboard;
			sourceTree = "<group>";
		};
		5EEA5EA4225F789F0085C218 /* LaunchScreen.storyboard */ = {
			isa = PBXVariantGroup;
			children = (
				5EEA5EA5225F789F0085C218 /* Base */,
			);
			name = LaunchScreen.storyboard;
			sourceTree = "<group>";
		};
/* End PBXVariantGroup section */

/* Begin XCBuildConfiguration section */
		5EEA5EA8225F789F0085C218 /* Debug */ = {
			isa = XCBuildConfiguration;
			buildSettings = {
				ALWAYS_SEARCH_USER_PATHS = NO;
				CLANG_ANALYZER_NONNULL = YES;
				CLANG_ANALYZER_NUMBER_OBJECT_CONVERSION = YES_AGGRESSIVE;
				CLANG_CXX_LANGUAGE_STANDARD = "gnu++14";
				CLANG_CXX_LIBRARY = "libc++";
				CLANG_ENABLE_MODULES = YES;
				CLANG_ENABLE_OBJC_ARC = YES;
				CLANG_ENABLE_OBJC_WEAK = YES;
				CLANG_WARN_BLOCK_CAPTURE_AUTORELEASING = YES;
				CLANG_WARN_BOOL_CONVERSION = YES;
				CLANG_WARN_COMMA = YES;
				CLANG_WARN_CONSTANT_CONVERSION = YES;
				CLANG_WARN_DEPRECATED_OBJC_IMPLEMENTATIONS = YES;
				CLANG_WARN_DIRECT_OBJC_ISA_USAGE = YES_ERROR;
				CLANG_WARN_DOCUMENTATION_COMMENTS = YES;
				CLANG_WARN_EMPTY_BODY = YES;
				CLANG_WARN_ENUM_CONVERSION = YES;
				CLANG_WARN_INFINITE_RECURSION = YES;
				CLANG_WARN_INT_CONVERSION = YES;
				CLANG_WARN_NON_LITERAL_NULL_CONVERSION = YES;
				CLANG_WARN_OBJC_IMPLICIT_RETAIN_SELF = YES;
				CLANG_WARN_OBJC_LITERAL_CONVERSION = YES;
				CLANG_WARN_OBJC_ROOT_CLASS = YES_ERROR;
				CLANG_WARN_RANGE_LOOP_ANALYSIS = YES;
				CLANG_WARN_STRICT_PROTOTYPES = YES;
				CLANG_WARN_SUSPICIOUS_MOVE = YES;
				CLANG_WARN_UNGUARDED_AVAILABILITY = YES_AGGRESSIVE;
				CLANG_WARN_UNREACHABLE_CODE = YES;
				CLANG_WARN__DUPLICATE_METHOD_MATCH = YES;
				CODE_SIGN_IDENTITY = "iPhone Developer";
				COPY_PHASE_STRIP = NO;
				DEBUG_INFORMATION_FORMAT = dwarf;
				ENABLE_STRICT_OBJC_MSGSEND = YES;
				ENABLE_TESTABILITY = YES;
				GCC_C_LANGUAGE_STANDARD = gnu11;
				GCC_DYNAMIC_NO_PIC = NO;
				GCC_NO_COMMON_BLOCKS = YES;
				GCC_OPTIMIZATION_LEVEL = 0;
				GCC_PREPROCESSOR_DEFINITIONS = (
					"DEBUG=1",
					"$(inherited)",
				);
				GCC_WARN_64_TO_32_BIT_CONVERSION = YES;
				GCC_WARN_ABOUT_RETURN_TYPE = YES_ERROR;
				GCC_WARN_UNDECLARED_SELECTOR = YES;
				GCC_WARN_UNINITIALIZED_AUTOS = YES_AGGRESSIVE;
				GCC_WARN_UNUSED_FUNCTION = YES;
				GCC_WARN_UNUSED_VARIABLE = YES;
				IPHONEOS_DEPLOYMENT_TARGET = 12.2;
				MTL_ENABLE_DEBUG_INFO = INCLUDE_SOURCE;
				MTL_FAST_MATH = YES;
				ONLY_ACTIVE_ARCH = YES;
				SDKROOT = iphoneos;
				SWIFT_ACTIVE_COMPILATION_CONDITIONS = DEBUG;
				SWIFT_OPTIMIZATION_LEVEL = "-Onone";
			};
			name = Debug;
		};
		5EEA5EA9225F789F0085C218 /* Release */ = {
			isa = XCBuildConfiguration;
			buildSettings = {
				ALWAYS_SEARCH_USER_PATHS = NO;
				CLANG_ANALYZER_NONNULL = YES;
				CLANG_ANALYZER_NUMBER_OBJECT_CONVERSION = YES_AGGRESSIVE;
				CLANG_CXX_LANGUAGE_STANDARD = "gnu++14";
				CLANG_CXX_LIBRARY = "libc++";
				CLANG_ENABLE_MODULES = YES;
				CLANG_ENABLE_OBJC_ARC = YES;
				CLANG_ENABLE_OBJC_WEAK = YES;
				CLANG_WARN_BLOCK_CAPTURE_AUTORELEASING = YES;
				CLANG_WARN_BOOL_CONVERSION = YES;
				CLANG_WARN_COMMA = YES;
				CLANG_WARN_CONSTANT_CONVERSION = YES;
				CLANG_WARN_DEPRECATED_OBJC_IMPLEMENTATIONS = YES;
				CLANG_WARN_DIRECT_OBJC_ISA_USAGE = YES_ERROR;
				CLANG_WARN_DOCUMENTATION_COMMENTS = YES;
				CLANG_WARN_EMPTY_BODY = YES;
				CLANG_WARN_ENUM_CONVERSION = YES;
				CLANG_WARN_INFINITE_RECURSION = YES;
				CLANG_WARN_INT_CONVERSION = YES;
				CLANG_WARN_NON_LITERAL_NULL_CONVERSION = YES;
				CLANG_WARN_OBJC_IMPLICIT_RETAIN_SELF = YES;
				CLANG_WARN_OBJC_LITERAL_CONVERSION = YES;
				CLANG_WARN_OBJC_ROOT_CLASS = YES_ERROR;
				CLANG_WARN_RANGE_LOOP_ANALYSIS = YES;
				CLANG_WARN_STRICT_PROTOTYPES = YES;
				CLANG_WARN_SUSPICIOUS_MOVE = YES;
				CLANG_WARN_UNGUARDED_AVAILABILITY = YES_AGGRESSIVE;
				CLANG_WARN_UNREACHABLE_CODE = YES;
				CLANG_WARN__DUPLICATE_METHOD_MATCH = YES;
				CODE_SIGN_IDENTITY = "iPhone Developer";
				COPY_PHASE_STRIP = NO;
				DEBUG_INFORMATION_FORMAT = "dwarf-with-dsym";
				ENABLE_NS_ASSERTIONS = NO;
				ENABLE_STRICT_OBJC_MSGSEND = YES;
				GCC_C_LANGUAGE_STANDARD = gnu11;
				GCC_NO_COMMON_BLOCKS = YES;
				GCC_WARN_64_TO_32_BIT_CONVERSION = YES;
				GCC_WARN_ABOUT_RETURN_TYPE = YES_ERROR;
				GCC_WARN_UNDECLARED_SELECTOR = YES;
				GCC_WARN_UNINITIALIZED_AUTOS = YES_AGGRESSIVE;
				GCC_WARN_UNUSED_FUNCTION = YES;
				GCC_WARN_UNUSED_VARIABLE = YES;
				IPHONEOS_DEPLOYMENT_TARGET = 12.2;
				MTL_ENABLE_DEBUG_INFO = NO;
				MTL_FAST_MATH = YES;
				SDKROOT = iphoneos;
				SWIFT_COMPILATION_MODE = wholemodule;
				SWIFT_OPTIMIZATION_LEVEL = "-O";
				VALIDATE_PRODUCT = YES;
			};
			name = Release;
		};
		5EEA5EAB225F789F0085C218 /* Debug */ = {
			isa = XCBuildConfiguration;
			buildSettings = {
				ASSETCATALOG_COMPILER_APPICON_NAME = AppIcon;
				CODE_SIGN_STYLE = Automatic;
				DEVELOPMENT_TEAM = XCSQ883CT6;
				INFOPLIST_FILE = RPG/Info.plist;
				LD_RUNPATH_SEARCH_PATHS = (
					"$(inherited)",
					"@executable_path/Frameworks",
				);
				PRODUCT_BUNDLE_IDENTIFIER = Academy.RPG;
				PRODUCT_NAME = "$(TARGET_NAME)";
				SWIFT_VERSION = 5.0;
				TARGETED_DEVICE_FAMILY = "1,2";
			};
			name = Debug;
		};
		5EEA5EAC225F789F0085C218 /* Release */ = {
			isa = XCBuildConfiguration;
			buildSettings = {
				ASSETCATALOG_COMPILER_APPICON_NAME = AppIcon;
				CODE_SIGN_STYLE = Automatic;
				DEVELOPMENT_TEAM = XCSQ883CT6;
				INFOPLIST_FILE = RPG/Info.plist;
				LD_RUNPATH_SEARCH_PATHS = (
					"$(inherited)",
					"@executable_path/Frameworks",
				);
				PRODUCT_BUNDLE_IDENTIFIER = Academy.RPG;
				PRODUCT_NAME = "$(TARGET_NAME)";
				SWIFT_VERSION = 5.0;
				TARGETED_DEVICE_FAMILY = "1,2";
			};
			name = Release;
		};
/* End XCBuildConfiguration section */

/* Begin XCConfigurationList section */
		5EEA5E90225F789E0085C218 /* Build configuration list for PBXProject "RPG" */ = {
			isa = XCConfigurationList;
			buildConfigurations = (
				5EEA5EA8225F789F0085C218 /* Debug */,
				5EEA5EA9225F789F0085C218 /* Release */,
			);
			defaultConfigurationIsVisible = 0;
			defaultConfigurationName = Release;
		};
		5EEA5EAA225F789F0085C218 /* Build configuration list for PBXNativeTarget "RPG" */ = {
			isa = XCConfigurationList;
			buildConfigurations = (
				5EEA5EAB225F789F0085C218 /* Debug */,
				5EEA5EAC225F789F0085C218 /* Release */,
			);
			defaultConfigurationIsVisible = 0;
			defaultConfigurationName = Release;
		};
/* End XCConfigurationList section */

/* Begin XCVersionGroup section */
		5EEA5E9F225F789E0085C218 /* RPG.xcdatamodeld */ = {
			isa = XCVersionGroup;
			children = (
				5EEA5EA0225F789E0085C218 /* RPG.xcdatamodel */,
			);
			currentVersion = 5EEA5EA0225F789E0085C218 /* RPG.xcdatamodel */;
			path = RPG.xcdatamodeld;
			sourceTree = "<group>";
			versionGroupType = wrapper.xcdatamodel;
		};
/* End XCVersionGroup section */
	};
	rootObject = 5EEA5E8D225F789E0085C218 /* Project object */;
}
